[[package]]
name = "memmap2"
version = "0.5.10"
source = "registry+https://github.com/rust-lang/crates.io-index"
checksum = "83faa42c0a078c393f6b29d5db232d8be22776a891f8f56e5284faee4a20b327"
dependencies = [
 "libc",
]

[[package]]
name = "memmap2"
version = "0.9.7"
source = "registry+https://github.com/rust-lang/crates.io-index"
checksum = "483758ad303d734cec05e5c12b41d7e93e6a6390c5e9dae6bdeb7c1259012d28"
dependencies = [
 "libc",
]

[[package]]
name = "telomere"
version = "0.1.0"
dependencies = [
 "bincode",
 "bytemuck",
 "cargo-fuzz",
 "clap",
 "csv",
 "hex",
 "honggfuzz",
 "memmap2 0.5.10",
 "proptest",
 "quickcheck",
 "rand 0.8.5",
 "serde",
 "serde_json",
 "sha2",
 "sysinfo",
 "tempfile",
 "thiserror 2.0.12",
]
